// !$*UTF8*$!
{
	archiveVersion = 1;
	classes = {
	};
	objectVersion = 50;
	objects = {

/* Begin PBXBuildFile section */
		930DF8FB244907EB00EB7512 /* NeumorphicRoundedRectangle.swift in Sources */ = {isa = PBXBuildFile; fileRef = 930DF8FA244907EB00EB7512 /* NeumorphicRoundedRectangle.swift */; };
		930DF8FD2449093700EB7512 /* NeumorphicSettings.swift in Sources */ = {isa = PBXBuildFile; fileRef = 930DF8FC2449093700EB7512 /* NeumorphicSettings.swift */; };
		930DF8FF24490EB200EB7512 /* CapsuleSettings.swift in Sources */ = {isa = PBXBuildFile; fileRef = 930DF8FE24490EB200EB7512 /* CapsuleSettings.swift */; };
		93284EC424486D4D002EF830 /* AppDelegate.swift in Sources */ = {isa = PBXBuildFile; fileRef = 93284EC324486D4D002EF830 /* AppDelegate.swift */; };
		93284EC624486D4D002EF830 /* SceneDelegate.swift in Sources */ = {isa = PBXBuildFile; fileRef = 93284EC524486D4D002EF830 /* SceneDelegate.swift */; };
		93284EC824486D4D002EF830 /* ContentView.swift in Sources */ = {isa = PBXBuildFile; fileRef = 93284EC724486D4D002EF830 /* ContentView.swift */; };
		93284ECA24486D50002EF830 /* Assets.xcassets in Resources */ = {isa = PBXBuildFile; fileRef = 93284EC924486D50002EF830 /* Assets.xcassets */; };
		93284ECD24486D50002EF830 /* Preview Assets.xcassets in Resources */ = {isa = PBXBuildFile; fileRef = 93284ECC24486D50002EF830 /* Preview Assets.xcassets */; };
		93284ED024486D50002EF830 /* LaunchScreen.storyboard in Resources */ = {isa = PBXBuildFile; fileRef = 93284ECE24486D50002EF830 /* LaunchScreen.storyboard */; };
		93284EF824490115002EF830 /* NeumorphicDynamicSettings.swift in Sources */ = {isa = PBXBuildFile; fileRef = 93284EF724490115002EF830 /* NeumorphicDynamicSettings.swift */; };
		93284EFC24490169002EF830 /* NeumorphicDynamicRoundedRectangle.swift in Sources */ = {isa = PBXBuildFile; fileRef = 93284EFB24490169002EF830 /* NeumorphicDynamicRoundedRectangle.swift */; };
		93284EFE244901D8002EF830 /* SettingsView.swift in Sources */ = {isa = PBXBuildFile; fileRef = 93284EFD244901D8002EF830 /* SettingsView.swift */; };
		93284F012449025E002EF830 /* LightsView.swift in Sources */ = {isa = PBXBuildFile; fileRef = 93284F002449025E002EF830 /* LightsView.swift */; };
		93284F0324490286002EF830 /* LightPosition.swift in Sources */ = {isa = PBXBuildFile; fileRef = 93284F0224490286002EF830 /* LightPosition.swift */; };
		93284F05244902C0002EF830 /* LightView.swift in Sources */ = {isa = PBXBuildFile; fileRef = 93284F04244902C0002EF830 /* LightView.swift */; };
		93284F07244902F6002EF830 /* LightModifier.swift in Sources */ = {isa = PBXBuildFile; fileRef = 93284F06244902F6002EF830 /* LightModifier.swift */; };
		93284F0924490321002EF830 /* BackgroundView.swift in Sources */ = {isa = PBXBuildFile; fileRef = 93284F0824490321002EF830 /* BackgroundView.swift */; };
		93284F0C2449036C002EF830 /* Double+Extension.swift in Sources */ = {isa = PBXBuildFile; fileRef = 93284F0B2449036C002EF830 /* Double+Extension.swift */; };
		93284F0E244905BA002EF830 /* CircleMenuSettings.swift in Sources */ = {isa = PBXBuildFile; fileRef = 93284F0D244905BA002EF830 /* CircleMenuSettings.swift */; };
		93284F1024490630002EF830 /* CircleView.swift in Sources */ = {isa = PBXBuildFile; fileRef = 93284F0F24490630002EF830 /* CircleView.swift */; };
/* End PBXBuildFile section */

/* Begin PBXFileReference section */
		930DF8FA244907EB00EB7512 /* NeumorphicRoundedRectangle.swift */ = {isa = PBXFileReference; lastKnownFileType = sourcecode.swift; path = NeumorphicRoundedRectangle.swift; sourceTree = "<group>"; };
		930DF8FC2449093700EB7512 /* NeumorphicSettings.swift */ = {isa = PBXFileReference; lastKnownFileType = sourcecode.swift; path = NeumorphicSettings.swift; sourceTree = "<group>"; };
		930DF8FE24490EB200EB7512 /* CapsuleSettings.swift */ = {isa = PBXFileReference; lastKnownFileType = sourcecode.swift; path = CapsuleSettings.swift; sourceTree = "<group>"; };
		93284EC024486D4D002EF830 /* PlayWithNeumorphism.app */ = {isa = PBXFileReference; explicitFileType = wrapper.application; includeInIndex = 0; path = PlayWithNeumorphism.app; sourceTree = BUILT_PRODUCTS_DIR; };
		93284EC324486D4D002EF830 /* AppDelegate.swift */ = {isa = PBXFileReference; lastKnownFileType = sourcecode.swift; path = AppDelegate.swift; sourceTree = "<group>"; };
		93284EC524486D4D002EF830 /* SceneDelegate.swift */ = {isa = PBXFileReference; lastKnownFileType = sourcecode.swift; path = SceneDelegate.swift; sourceTree = "<group>"; };
		93284EC724486D4D002EF830 /* ContentView.swift */ = {isa = PBXFileReference; lastKnownFileType = sourcecode.swift; path = ContentView.swift; sourceTree = "<group>"; };
		93284EC924486D50002EF830 /* Assets.xcassets */ = {isa = PBXFileReference; lastKnownFileType = folder.assetcatalog; path = Assets.xcassets; sourceTree = "<group>"; };
		93284ECC24486D50002EF830 /* Preview Assets.xcassets */ = {isa = PBXFileReference; lastKnownFileType = folder.assetcatalog; path = "Preview Assets.xcassets"; sourceTree = "<group>"; };
		93284ECF24486D50002EF830 /* Base */ = {isa = PBXFileReference; lastKnownFileType = file.storyboard; name = Base; path = Base.lproj/LaunchScreen.storyboard; sourceTree = "<group>"; };
		93284ED124486D50002EF830 /* Info.plist */ = {isa = PBXFileReference; lastKnownFileType = text.plist.xml; path = Info.plist; sourceTree = "<group>"; };
		93284EF724490115002EF830 /* NeumorphicDynamicSettings.swift */ = {isa = PBXFileReference; lastKnownFileType = sourcecode.swift; path = NeumorphicDynamicSettings.swift; sourceTree = "<group>"; };
		93284EFB24490169002EF830 /* NeumorphicDynamicRoundedRectangle.swift */ = {isa = PBXFileReference; lastKnownFileType = sourcecode.swift; path = NeumorphicDynamicRoundedRectangle.swift; sourceTree = "<group>"; };
		93284EFD244901D8002EF830 /* SettingsView.swift */ = {isa = PBXFileReference; lastKnownFileType = sourcecode.swift; path = SettingsView.swift; sourceTree = "<group>"; };
		93284F002449025E002EF830 /* LightsView.swift */ = {isa = PBXFileReference; lastKnownFileType = sourcecode.swift; path = LightsView.swift; sourceTree = "<group>"; };
		93284F0224490286002EF830 /* LightPosition.swift */ = {isa = PBXFileReference; lastKnownFileType = sourcecode.swift; path = LightPosition.swift; sourceTree = "<group>"; };
		93284F04244902C0002EF830 /* LightView.swift */ = {isa = PBXFileReference; lastKnownFileType = sourcecode.swift; path = LightView.swift; sourceTree = "<group>"; };
		93284F06244902F6002EF830 /* LightModifier.swift */ = {isa = PBXFileReference; lastKnownFileType = sourcecode.swift; path = LightModifier.swift; sourceTree = "<group>"; };
		93284F0824490321002EF830 /* BackgroundView.swift */ = {isa = PBXFileReference; lastKnownFileType = sourcecode.swift; path = BackgroundView.swift; sourceTree = "<group>"; };
		93284F0B2449036C002EF830 /* Double+Extension.swift */ = {isa = PBXFileReference; lastKnownFileType = sourcecode.swift; path = "Double+Extension.swift"; sourceTree = "<group>"; };
		93284F0D244905BA002EF830 /* CircleMenuSettings.swift */ = {isa = PBXFileReference; lastKnownFileType = sourcecode.swift; path = CircleMenuSettings.swift; sourceTree = "<group>"; };
		93284F0F24490630002EF830 /* CircleView.swift */ = {isa = PBXFileReference; lastKnownFileType = sourcecode.swift; path = CircleView.swift; sourceTree = "<group>"; };
/* End PBXFileReference section */

/* Begin PBXFrameworksBuildPhase section */
		93284EBD24486D4D002EF830 /* Frameworks */ = {
			isa = PBXFrameworksBuildPhase;
			buildActionMask = 2147483647;
			files = (
			);
			runOnlyForDeploymentPostprocessing = 0;
		};
/* End PBXFrameworksBuildPhase section */

/* Begin PBXGroup section */
		93284EB724486D4D002EF830 = {
			isa = PBXGroup;
			children = (
				93284EC224486D4D002EF830 /* PlayWithNeumorphism */,
				93284EC124486D4D002EF830 /* Products */,
			);
			sourceTree = "<group>";
		};
		93284EC124486D4D002EF830 /* Products */ = {
			isa = PBXGroup;
			children = (
				93284EC024486D4D002EF830 /* PlayWithNeumorphism.app */,
			);
			name = Products;
			sourceTree = "<group>";
		};
		93284EC224486D4D002EF830 /* PlayWithNeumorphism */ = {
			isa = PBXGroup;
			children = (
				93284EC324486D4D002EF830 /* AppDelegate.swift */,
				93284EC524486D4D002EF830 /* SceneDelegate.swift */,
				93284EFA2449014D002EF830 /* View */,
				93284EF924490144002EF830 /* Model */,
				93284F0A24490347002EF830 /* Extensions */,
				93284EC924486D50002EF830 /* Assets.xcassets */,
				93284ECE24486D50002EF830 /* LaunchScreen.storyboard */,
				93284ED124486D50002EF830 /* Info.plist */,
				93284ECB24486D50002EF830 /* Preview Content */,
			);
			path = PlayWithNeumorphism;
			sourceTree = "<group>";
		};
		93284ECB24486D50002EF830 /* Preview Content */ = {
			isa = PBXGroup;
			children = (
				93284ECC24486D50002EF830 /* Preview Assets.xcassets */,
			);
			path = "Preview Content";
			sourceTree = "<group>";
		};
		93284EF924490144002EF830 /* Model */ = {
			isa = PBXGroup;
			children = (
				930DF8FC2449093700EB7512 /* NeumorphicSettings.swift */,
				93284EF724490115002EF830 /* NeumorphicDynamicSettings.swift */,
				93284F0D244905BA002EF830 /* CircleMenuSettings.swift */,
				930DF8FE24490EB200EB7512 /* CapsuleSettings.swift */,
			);
			path = Model;
			sourceTree = "<group>";
		};
		93284EFA2449014D002EF830 /* View */ = {
			isa = PBXGroup;
			children = (
				93284EFF2449024A002EF830 /* LightView */,
				93284EC724486D4D002EF830 /* ContentView.swift */,
				93284F0F24490630002EF830 /* CircleView.swift */,
				930DF8FA244907EB00EB7512 /* NeumorphicRoundedRectangle.swift */,
				93284EFB24490169002EF830 /* NeumorphicDynamicRoundedRectangle.swift */,
				93284EFD244901D8002EF830 /* SettingsView.swift */,
				93284F0824490321002EF830 /* BackgroundView.swift */,
			);
			path = View;
			sourceTree = "<group>";
		};
		93284EFF2449024A002EF830 /* LightView */ = {
			isa = PBXGroup;
			children = (
				93284F002449025E002EF830 /* LightsView.swift */,
				93284F04244902C0002EF830 /* LightView.swift */,
				93284F0224490286002EF830 /* LightPosition.swift */,
				93284F06244902F6002EF830 /* LightModifier.swift */,
			);
			path = LightView;
			sourceTree = "<group>";
		};
		93284F0A24490347002EF830 /* Extensions */ = {
			isa = PBXGroup;
			children = (
				93284F0B2449036C002EF830 /* Double+Extension.swift */,
			);
			path = Extensions;
			sourceTree = "<group>";
		};
/* End PBXGroup section */

/* Begin PBXNativeTarget section */
		93284EBF24486D4D002EF830 /* PlayWithNeumorphism */ = {
			isa = PBXNativeTarget;
			buildConfigurationList = 93284ED424486D50002EF830 /* Build configuration list for PBXNativeTarget "PlayWithNeumorphism" */;
			buildPhases = (
				93284EBC24486D4D002EF830 /* Sources */,
				93284EBD24486D4D002EF830 /* Frameworks */,
				93284EBE24486D4D002EF830 /* Resources */,
			);
			buildRules = (
			);
			dependencies = (
			);
			name = PlayWithNeumorphism;
			productName = PlayWithNeumorphism;
			productReference = 93284EC024486D4D002EF830 /* PlayWithNeumorphism.app */;
			productType = "com.apple.product-type.application";
		};
/* End PBXNativeTarget section */

/* Begin PBXProject section */
		93284EB824486D4D002EF830 /* Project object */ = {
			isa = PBXProject;
			attributes = {
				LastSwiftUpdateCheck = 1140;
				LastUpgradeCheck = 1140;
				ORGANIZATIONNAME = "Vladimir Tanev";
				TargetAttributes = {
					93284EBF24486D4D002EF830 = {
						CreatedOnToolsVersion = 11.4;
					};
				};
			};
			buildConfigurationList = 93284EBB24486D4D002EF830 /* Build configuration list for PBXProject "PlayWithNeumorphism" */;
			compatibilityVersion = "Xcode 9.3";
			developmentRegion = en;
			hasScannedForEncodings = 0;
			knownRegions = (
				en,
				Base,
			);
			mainGroup = 93284EB724486D4D002EF830;
			productRefGroup = 93284EC124486D4D002EF830 /* Products */;
			projectDirPath = "";
			projectRoot = "";
			targets = (
				93284EBF24486D4D002EF830 /* PlayWithNeumorphism */,
			);
		};
/* End PBXProject section */

/* Begin PBXResourcesBuildPhase section */
		93284EBE24486D4D002EF830 /* Resources */ = {
			isa = PBXResourcesBuildPhase;
			buildActionMask = 2147483647;
			files = (
				93284ED024486D50002EF830 /* LaunchScreen.storyboard in Resources */,
				93284ECD24486D50002EF830 /* Preview Assets.xcassets in Resources */,
				93284ECA24486D50002EF830 /* Assets.xcassets in Resources */,
			);
			runOnlyForDeploymentPostprocessing = 0;
		};
/* End PBXResourcesBuildPhase section */

/* Begin PBXSourcesBuildPhase section */
		93284EBC24486D4D002EF830 /* Sources */ = {
			isa = PBXSourcesBuildPhase;
			buildActionMask = 2147483647;
			files = (
				93284F0324490286002EF830 /* LightPosition.swift in Sources */,
				93284F05244902C0002EF830 /* LightView.swift in Sources */,
				93284F0924490321002EF830 /* BackgroundView.swift in Sources */,
				930DF8FF24490EB200EB7512 /* CapsuleSettings.swift in Sources */,
				93284EC424486D4D002EF830 /* AppDelegate.swift in Sources */,
				93284F07244902F6002EF830 /* LightModifier.swift in Sources */,
				93284EC624486D4D002EF830 /* SceneDelegate.swift in Sources */,
				93284EF824490115002EF830 /* NeumorphicDynamicSettings.swift in Sources */,
				93284EFE244901D8002EF830 /* SettingsView.swift in Sources */,
				93284F0C2449036C002EF830 /* Double+Extension.swift in Sources */,
				93284EFC24490169002EF830 /* NeumorphicDynamicRoundedRectangle.swift in Sources */,
				93284F012449025E002EF830 /* LightsView.swift in Sources */,
				93284F0E244905BA002EF830 /* CircleMenuSettings.swift in Sources */,
				93284F1024490630002EF830 /* CircleView.swift in Sources */,
				930DF8FB244907EB00EB7512 /* NeumorphicRoundedRectangle.swift in Sources */,
				930DF8FD2449093700EB7512 /* NeumorphicSettings.swift in Sources */,
				93284EC824486D4D002EF830 /* ContentView.swift in Sources */,
			);
			runOnlyForDeploymentPostprocessing = 0;
		};
/* End PBXSourcesBuildPhase section */

/* Begin PBXVariantGroup section */
		93284ECE24486D50002EF830 /* LaunchScreen.storyboard */ = {
			isa = PBXVariantGroup;
			children = (
				93284ECF24486D50002EF830 /* Base */,
			);
			name = LaunchScreen.storyboard;
			sourceTree = "<group>";
		};
/* End PBXVariantGroup section */

/* Begin XCBuildConfiguration section */
		93284ED224486D50002EF830 /* Debug */ = {
			isa = XCBuildConfiguration;
			buildSettings = {
				ALWAYS_SEARCH_USER_PATHS = NO;
				CLANG_ANALYZER_NONNULL = YES;
				CLANG_ANALYZER_NUMBER_OBJECT_CONVERSION = YES_AGGRESSIVE;
				CLANG_CXX_LANGUAGE_STANDARD = "gnu++14";
				CLANG_CXX_LIBRARY = "libc++";
				CLANG_ENABLE_MODULES = YES;
				CLANG_ENABLE_OBJC_ARC = YES;
				CLANG_ENABLE_OBJC_WEAK = YES;
				CLANG_WARN_BLOCK_CAPTURE_AUTORELEASING = YES;
				CLANG_WARN_BOOL_CONVERSION = YES;
				CLANG_WARN_COMMA = YES;
				CLANG_WARN_CONSTANT_CONVERSION = YES;
				CLANG_WARN_DEPRECATED_OBJC_IMPLEMENTATIONS = YES;
				CLANG_WARN_DIRECT_OBJC_ISA_USAGE = YES_ERROR;
				CLANG_WARN_DOCUMENTATION_COMMENTS = YES;
				CLANG_WARN_EMPTY_BODY = YES;
				CLANG_WARN_ENUM_CONVERSION = YES;
				CLANG_WARN_INFINITE_RECURSION = YES;
				CLANG_WARN_INT_CONVERSION = YES;
				CLANG_WARN_NON_LITERAL_NULL_CONVERSION = YES;
				CLANG_WARN_OBJC_IMPLICIT_RETAIN_SELF = YES;
				CLANG_WARN_OBJC_LITERAL_CONVERSION = YES;
				CLANG_WARN_OBJC_ROOT_CLASS = YES_ERROR;
				CLANG_WARN_RANGE_LOOP_ANALYSIS = YES;
				CLANG_WARN_STRICT_PROTOTYPES = YES;
				CLANG_WARN_SUSPICIOUS_MOVE = YES;
				CLANG_WARN_UNGUARDED_AVAILABILITY = YES_AGGRESSIVE;
				CLANG_WARN_UNREACHABLE_CODE = YES;
				CLANG_WARN__DUPLICATE_METHOD_MATCH = YES;
				COPY_PHASE_STRIP = NO;
				DEBUG_INFORMATION_FORMAT = dwarf;
				ENABLE_STRICT_OBJC_MSGSEND = YES;
				ENABLE_TESTABILITY = YES;
				GCC_C_LANGUAGE_STANDARD = gnu11;
				GCC_DYNAMIC_NO_PIC = NO;
				GCC_NO_COMMON_BLOCKS = YES;
				GCC_OPTIMIZATION_LEVEL = 0;
				GCC_PREPROCESSOR_DEFINITIONS = (
					"DEBUG=1",
					"$(inherited)",
				);
				GCC_WARN_64_TO_32_BIT_CONVERSION = YES;
				GCC_WARN_ABOUT_RETURN_TYPE = YES_ERROR;
				GCC_WARN_UNDECLARED_SELECTOR = YES;
				GCC_WARN_UNINITIALIZED_AUTOS = YES_AGGRESSIVE;
				GCC_WARN_UNUSED_FUNCTION = YES;
				GCC_WARN_UNUSED_VARIABLE = YES;
				IPHONEOS_DEPLOYMENT_TARGET = 13.4;
				MTL_ENABLE_DEBUG_INFO = INCLUDE_SOURCE;
				MTL_FAST_MATH = YES;
				ONLY_ACTIVE_ARCH = YES;
				SDKROOT = iphoneos;
				SWIFT_ACTIVE_COMPILATION_CONDITIONS = DEBUG;
				SWIFT_OPTIMIZATION_LEVEL = "-Onone";
			};
			name = Debug;
		};
		93284ED324486D50002EF830 /* Release */ = {
			isa = XCBuildConfiguration;
			buildSettings = {
				ALWAYS_SEARCH_USER_PATHS = NO;
				CLANG_ANALYZER_NONNULL = YES;
				CLANG_ANALYZER_NUMBER_OBJECT_CONVERSION = YES_AGGRESSIVE;
				CLANG_CXX_LANGUAGE_STANDARD = "gnu++14";
				CLANG_CXX_LIBRARY = "libc++";
				CLANG_ENABLE_MODULES = YES;
				CLANG_ENABLE_OBJC_ARC = YES;
				CLANG_ENABLE_OBJC_WEAK = YES;
				CLANG_WARN_BLOCK_CAPTURE_AUTORELEASING = YES;
				CLANG_WARN_BOOL_CONVERSION = YES;
				CLANG_WARN_COMMA = YES;
				CLANG_WARN_CONSTANT_CONVERSION = YES;
				CLANG_WARN_DEPRECATED_OBJC_IMPLEMENTATIONS = YES;
				CLANG_WARN_DIRECT_OBJC_ISA_USAGE = YES_ERROR;
				CLANG_WARN_DOCUMENTATION_COMMENTS = YES;
				CLANG_WARN_EMPTY_BODY = YES;
				CLANG_WARN_ENUM_CONVERSION = YES;
				CLANG_WARN_INFINITE_RECURSION = YES;
				CLANG_WARN_INT_CONVERSION = YES;
				CLANG_WARN_NON_LITERAL_NULL_CONVERSION = YES;
				CLANG_WARN_OBJC_IMPLICIT_RETAIN_SELF = YES;
				CLANG_WARN_OBJC_LITERAL_CONVERSION = YES;
				CLANG_WARN_OBJC_ROOT_CLASS = YES_ERROR;
				CLANG_WARN_RANGE_LOOP_ANALYSIS = YES;
				CLANG_WARN_STRICT_PROTOTYPES = YES;
				CLANG_WARN_SUSPICIOUS_MOVE = YES;
				CLANG_WARN_UNGUARDED_AVAILABILITY = YES_AGGRESSIVE;
				CLANG_WARN_UNREACHABLE_CODE = YES;
				CLANG_WARN__DUPLICATE_METHOD_MATCH = YES;
				COPY_PHASE_STRIP = NO;
				DEBUG_INFORMATION_FORMAT = "dwarf-with-dsym";
				ENABLE_NS_ASSERTIONS = NO;
				ENABLE_STRICT_OBJC_MSGSEND = YES;
				GCC_C_LANGUAGE_STANDARD = gnu11;
				GCC_NO_COMMON_BLOCKS = YES;
				GCC_WARN_64_TO_32_BIT_CONVERSION = YES;
				GCC_WARN_ABOUT_RETURN_TYPE = YES_ERROR;
				GCC_WARN_UNDECLARED_SELECTOR = YES;
				GCC_WARN_UNINITIALIZED_AUTOS = YES_AGGRESSIVE;
				GCC_WARN_UNUSED_FUNCTION = YES;
				GCC_WARN_UNUSED_VARIABLE = YES;
				IPHONEOS_DEPLOYMENT_TARGET = 13.4;
				MTL_ENABLE_DEBUG_INFO = NO;
				MTL_FAST_MATH = YES;
				SDKROOT = iphoneos;
				SWIFT_COMPILATION_MODE = wholemodule;
				SWIFT_OPTIMIZATION_LEVEL = "-O";
				VALIDATE_PRODUCT = YES;
			};
			name = Release;
		};
		93284ED524486D50002EF830 /* Debug */ = {
			isa = XCBuildConfiguration;
			buildSettings = {
				ASSETCATALOG_COMPILER_APPICON_NAME = AppIcon;
				CODE_SIGN_STYLE = Automatic;
				DEVELOPMENT_ASSET_PATHS = "\"PlayWithNeumorphism/Preview Content\"";
				DEVELOPMENT_TEAM = 9EHZTC23KL;
				ENABLE_PREVIEWS = YES;
				INFOPLIST_FILE = PlayWithNeumorphism/Info.plist;
				IPHONEOS_DEPLOYMENT_TARGET = 13.0;
				LD_RUNPATH_SEARCH_PATHS = (
					"$(inherited)",
					"@executable_path/Frameworks",
				);
				PRODUCT_BUNDLE_IDENTIFIER = com.vladimirTanev.PlayWithNeumorphism;
				PRODUCT_NAME = "$(TARGET_NAME)";
				SWIFT_VERSION = 5.0;
				TARGETED_DEVICE_FAMILY = 1;
			};
			name = Debug;
		};
		93284ED624486D50002EF830 /* Release */ = {
			isa = XCBuildConfiguration;
			buildSettings = {
				ASSETCATALOG_COMPILER_APPICON_NAME = AppIcon;
				CODE_SIGN_STYLE = Automatic;
				DEVELOPMENT_ASSET_PATHS = "\"PlayWithNeumorphism/Preview Content\"";
				DEVELOPMENT_TEAM = 9EHZTC23KL;
				ENABLE_PREVIEWS = YES;
				INFOPLIST_FILE = PlayWithNeumorphism/Info.plist;
				IPHONEOS_DEPLOYMENT_TARGET = 13.0;
				LD_RUNPATH_SEARCH_PATHS = (
					"$(inherited)",
					"@executable_path/Frameworks",
				);
				PRODUCT_BUNDLE_IDENTIFIER = com.vladimirTanev.PlayWithNeumorphism;
				PRODUCT_NAME = "$(TARGET_NAME)";
				SWIFT_VERSION = 5.0;
				TARGETED_DEVICE_FAMILY = 1;
			};
			name = Release;
		};
/* End XCBuildConfiguration section */

/* Begin XCConfigurationList section */
		93284EBB24486D4D002EF830 /* Build configuration list for PBXProject "PlayWithNeumorphism" */ = {
			isa = XCConfigurationList;
			buildConfigurations = (
				93284ED224486D50002EF830 /* Debug */,
				93284ED324486D50002EF830 /* Release */,
			);
			defaultConfigurationIsVisible = 0;
			defaultConfigurationName = Release;
		};
		93284ED424486D50002EF830 /* Build configuration list for PBXNativeTarget "PlayWithNeumorphism" */ = {
			isa = XCConfigurationList;
			buildConfigurations = (
				93284ED524486D50002EF830 /* Debug */,
				93284ED624486D50002EF830 /* Release */,
			);
			defaultConfigurationIsVisible = 0;
			defaultConfigurationName = Release;
		};
/* End XCConfigurationList section */
	};
	rootObject = 93284EB824486D4D002EF830 /* Project object */;
}
